// !$*UTF8*$!
{
	archiveVersion = 1;
	classes = {
	};
	objectVersion = 48;
	objects = {

/* Begin PBXBuildFile section */
		B7695EA91C6D3EB39C1C4AF1 /* Pods_FiveSixTwoChallenge.framework in Frameworks */ = {isa = PBXBuildFile; fileRef = B76179359E4693B6B8C6474E /* Pods_FiveSixTwoChallenge.framework */; };
		CF4254EE206782B800127EA1 /* AppDelegate.swift in Sources */ = {isa = PBXBuildFile; fileRef = CF4254ED206782B800127EA1 /* AppDelegate.swift */; };
		CF4254F0206782B800127EA1 /* ViewController.swift in Sources */ = {isa = PBXBuildFile; fileRef = CF4254EF206782B800127EA1 /* ViewController.swift */; };
		CF4254F3206782B800127EA1 /* Main.storyboard in Resources */ = {isa = PBXBuildFile; fileRef = CF4254F1206782B800127EA1 /* Main.storyboard */; };
		CF4254F6206782B800127EA1 /* FiveSixTwoChallenge.xcdatamodeld in Sources */ = {isa = PBXBuildFile; fileRef = CF4254F4206782B800127EA1 /* FiveSixTwoChallenge.xcdatamodeld */; };
		CF4254F8206782B800127EA1 /* Assets.xcassets in Resources */ = {isa = PBXBuildFile; fileRef = CF4254F7206782B800127EA1 /* Assets.xcassets */; };
		CF4254FB206782B800127EA1 /* LaunchScreen.storyboard in Resources */ = {isa = PBXBuildFile; fileRef = CF4254F9206782B800127EA1 /* LaunchScreen.storyboard */; };
		CF4255032067836C00127EA1 /* APIClient.swift in Sources */ = {isa = PBXBuildFile; fileRef = CF4255022067836C00127EA1 /* APIClient.swift */; };
		CF4255052067898E00127EA1 /* ViewModel.swift in Sources */ = {isa = PBXBuildFile; fileRef = CF4255042067898E00127EA1 /* ViewModel.swift */; };
		CF42550920678CB700127EA1 /* MainViewController.swift in Sources */ = {isa = PBXBuildFile; fileRef = CF42550820678CB700127EA1 /* MainViewController.swift */; };
		CF42550D206793D300127EA1 /* CardCollectionViewCell.swift in Sources */ = {isa = PBXBuildFile; fileRef = CF42550C206793D300127EA1 /* CardCollectionViewCell.swift */; };
		CF4255192067A41300127EA1 /* DetailViewController.swift in Sources */ = {isa = PBXBuildFile; fileRef = CF4255182067A41300127EA1 /* DetailViewController.swift */; };
		CF9158B120687908006C3FF3 /* PlayerHandTableViewCell.swift in Sources */ = {isa = PBXBuildFile; fileRef = CF9158B020687908006C3FF3 /* PlayerHandTableViewCell.swift */; };
		CF9158B42068794E006C3FF3 /* PlayerHandViewController.swift in Sources */ = {isa = PBXBuildFile; fileRef = CF9158B32068794E006C3FF3 /* PlayerHandViewController.swift */; };
/* End PBXBuildFile section */

/* Begin PBXFileReference section */
		31B4054E87A2D4F040FEBE79 /* Pods-FiveSixTwoChallenge.release.xcconfig */ = {isa = PBXFileReference; includeInIndex = 1; lastKnownFileType = text.xcconfig; name = "Pods-FiveSixTwoChallenge.release.xcconfig"; path = "Pods/Target Support Files/Pods-FiveSixTwoChallenge/Pods-FiveSixTwoChallenge.release.xcconfig"; sourceTree = "<group>"; };
		B76179359E4693B6B8C6474E /* Pods_FiveSixTwoChallenge.framework */ = {isa = PBXFileReference; explicitFileType = wrapper.framework; includeInIndex = 0; path = Pods_FiveSixTwoChallenge.framework; sourceTree = BUILT_PRODUCTS_DIR; };
		CF4254EA206782B800127EA1 /* FiveSixTwoChallenge.app */ = {isa = PBXFileReference; explicitFileType = wrapper.application; includeInIndex = 0; path = FiveSixTwoChallenge.app; sourceTree = BUILT_PRODUCTS_DIR; };
		CF4254ED206782B800127EA1 /* AppDelegate.swift */ = {isa = PBXFileReference; lastKnownFileType = sourcecode.swift; path = AppDelegate.swift; sourceTree = "<group>"; };
		CF4254EF206782B800127EA1 /* ViewController.swift */ = {isa = PBXFileReference; lastKnownFileType = sourcecode.swift; path = ViewController.swift; sourceTree = "<group>"; };
		CF4254F2206782B800127EA1 /* Base */ = {isa = PBXFileReference; lastKnownFileType = file.storyboard; name = Base; path = Base.lproj/Main.storyboard; sourceTree = "<group>"; };
		CF4254F5206782B800127EA1 /* FiveSixTwoChallenge.xcdatamodel */ = {isa = PBXFileReference; lastKnownFileType = wrapper.xcdatamodel; path = FiveSixTwoChallenge.xcdatamodel; sourceTree = "<group>"; };
		CF4254F7206782B800127EA1 /* Assets.xcassets */ = {isa = PBXFileReference; lastKnownFileType = folder.assetcatalog; path = Assets.xcassets; sourceTree = "<group>"; };
		CF4254FA206782B800127EA1 /* Base */ = {isa = PBXFileReference; lastKnownFileType = file.storyboard; name = Base; path = Base.lproj/LaunchScreen.storyboard; sourceTree = "<group>"; };
		CF4254FC206782B800127EA1 /* Info.plist */ = {isa = PBXFileReference; lastKnownFileType = text.plist.xml; path = Info.plist; sourceTree = "<group>"; };
		CF4255022067836C00127EA1 /* APIClient.swift */ = {isa = PBXFileReference; lastKnownFileType = sourcecode.swift; path = APIClient.swift; sourceTree = "<group>"; };
		CF4255042067898E00127EA1 /* ViewModel.swift */ = {isa = PBXFileReference; lastKnownFileType = sourcecode.swift; path = ViewModel.swift; sourceTree = "<group>"; };
		CF42550820678CB700127EA1 /* MainViewController.swift */ = {isa = PBXFileReference; lastKnownFileType = sourcecode.swift; path = MainViewController.swift; sourceTree = "<group>"; };
		CF42550C206793D300127EA1 /* CardCollectionViewCell.swift */ = {isa = PBXFileReference; lastKnownFileType = sourcecode.swift; path = CardCollectionViewCell.swift; sourceTree = "<group>"; };
		CF42551720679B3600127EA1 /* FiveSixTwoChallenge-Bridging-Header.h */ = {isa = PBXFileReference; fileEncoding = 4; lastKnownFileType = sourcecode.c.h; path = "FiveSixTwoChallenge-Bridging-Header.h"; sourceTree = "<group>"; };
		CF4255182067A41300127EA1 /* DetailViewController.swift */ = {isa = PBXFileReference; lastKnownFileType = sourcecode.swift; path = DetailViewController.swift; sourceTree = "<group>"; };
		CF9158B020687908006C3FF3 /* PlayerHandTableViewCell.swift */ = {isa = PBXFileReference; lastKnownFileType = sourcecode.swift; path = PlayerHandTableViewCell.swift; sourceTree = "<group>"; };
		CF9158B32068794E006C3FF3 /* PlayerHandViewController.swift */ = {isa = PBXFileReference; lastKnownFileType = sourcecode.swift; path = PlayerHandViewController.swift; sourceTree = "<group>"; };
		D9AF9DD1FA99178A5824A5CC /* Pods-FiveSixTwoChallenge.debug.xcconfig */ = {isa = PBXFileReference; includeInIndex = 1; lastKnownFileType = text.xcconfig; name = "Pods-FiveSixTwoChallenge.debug.xcconfig"; path = "Pods/Target Support Files/Pods-FiveSixTwoChallenge/Pods-FiveSixTwoChallenge.debug.xcconfig"; sourceTree = "<group>"; };
/* End PBXFileReference section */

/* Begin PBXFrameworksBuildPhase section */
		CF4254E7206782B800127EA1 /* Frameworks */ = {
			isa = PBXFrameworksBuildPhase;
			buildActionMask = 2147483647;
			files = (
				B7695EA91C6D3EB39C1C4AF1 /* Pods_FiveSixTwoChallenge.framework in Frameworks */,
			);
			runOnlyForDeploymentPostprocessing = 0;
		};
/* End PBXFrameworksBuildPhase section */

/* Begin PBXGroup section */
		A29F4A3BD49D47637FB6C1FA /* Frameworks */ = {
			isa = PBXGroup;
			children = (
				B76179359E4693B6B8C6474E /* Pods_FiveSixTwoChallenge.framework */,
			);
			name = Frameworks;
			sourceTree = "<group>";
		};
		CF4254E1206782B800127EA1 = {
			isa = PBXGroup;
			children = (
				CF4254EC206782B800127EA1 /* FiveSixTwoChallenge */,
				CF4254EB206782B800127EA1 /* Products */,
				F5F05527B4C08F6B55973F10 /* Pods */,
				A29F4A3BD49D47637FB6C1FA /* Frameworks */,
			);
			sourceTree = "<group>";
		};
		CF4254EB206782B800127EA1 /* Products */ = {
			isa = PBXGroup;
			children = (
				CF4254EA206782B800127EA1 /* FiveSixTwoChallenge.app */,
			);
			name = Products;
			sourceTree = "<group>";
		};
		CF4254EC206782B800127EA1 /* FiveSixTwoChallenge */ = {
			isa = PBXGroup;
			children = (
				CF9158B220687925006C3FF3 /* Cells */,
				CF4254FC206782B800127EA1 /* Info.plist */,
				CF42551720679B3600127EA1 /* FiveSixTwoChallenge-Bridging-Header.h */,
				CF4255022067836C00127EA1 /* APIClient.swift */,
				CF4254ED206782B800127EA1 /* AppDelegate.swift */,
				CF42550A206791F600127EA1 /* VC's */,
				CF42550B2067920800127EA1 /* VM's */,
				CF4254F7206782B800127EA1 /* Assets.xcassets */,
				CF4254F4206782B800127EA1 /* FiveSixTwoChallenge.xcdatamodeld */,
				CF4254F9206782B800127EA1 /* LaunchScreen.storyboard */,
				CF4254F1206782B800127EA1 /* Main.storyboard */,
			);
			path = FiveSixTwoChallenge;
			sourceTree = "<group>";
		};
		CF42550A206791F600127EA1 /* VC's */ = {
			isa = PBXGroup;
			children = (
				CF42550820678CB700127EA1 /* MainViewController.swift */,
				CF4254EF206782B800127EA1 /* ViewController.swift */,
				CF9158B32068794E006C3FF3 /* PlayerHandViewController.swift */,
				CF4255182067A41300127EA1 /* DetailViewController.swift */,
			);
			path = "VC's";
			sourceTree = "<group>";
		};
		CF42550B2067920800127EA1 /* VM's */ = {
			isa = PBXGroup;
			children = (
				CF4255042067898E00127EA1 /* ViewModel.swift */,
			);
			path = "VM's";
			sourceTree = "<group>";
		};
		CF9158B220687925006C3FF3 /* Cells */ = {
			isa = PBXGroup;
			children = (
				CF9158B020687908006C3FF3 /* PlayerHandTableViewCell.swift */,
				CF42550C206793D300127EA1 /* CardCollectionViewCell.swift */,
			);
			path = Cells;
			sourceTree = "<group>";
		};
		F5F05527B4C08F6B55973F10 /* Pods */ = {
			isa = PBXGroup;
			children = (
				D9AF9DD1FA99178A5824A5CC /* Pods-FiveSixTwoChallenge.debug.xcconfig */,
				31B4054E87A2D4F040FEBE79 /* Pods-FiveSixTwoChallenge.release.xcconfig */,
			);
			name = Pods;
			sourceTree = "<group>";
		};
/* End PBXGroup section */

/* Begin PBXNativeTarget section */
		CF4254E9206782B800127EA1 /* FiveSixTwoChallenge */ = {
			isa = PBXNativeTarget;
			buildConfigurationList = CF4254FF206782B800127EA1 /* Build configuration list for PBXNativeTarget "FiveSixTwoChallenge" */;
			buildPhases = (
				0D2A0E7E533E8627BF956523 /* [CP] Check Pods Manifest.lock */,
				CF4254E6206782B800127EA1 /* Sources */,
				CF4254E7206782B800127EA1 /* Frameworks */,
				CF4254E8206782B800127EA1 /* Resources */,
				3CF3610F584168D06D5E51BB /* [CP] Embed Pods Frameworks */,
				1FCBFDE164904C6D4833032F /* [CP] Copy Pods Resources */,
			);
			buildRules = (
			);
			dependencies = (
			);
			name = FiveSixTwoChallenge;
			productName = FiveSixTwoChallenge;
			productReference = CF4254EA206782B800127EA1 /* FiveSixTwoChallenge.app */;
			productType = "com.apple.product-type.application";
		};
/* End PBXNativeTarget section */

/* Begin PBXProject section */
		CF4254E2206782B800127EA1 /* Project object */ = {
			isa = PBXProject;
			attributes = {
				LastSwiftUpdateCheck = 0920;
				LastUpgradeCheck = 0920;
				ORGANIZATIONNAME = amiracledev;
				TargetAttributes = {
					CF4254E9206782B800127EA1 = {
						CreatedOnToolsVersion = 9.2;
						LastSwiftMigration = 0920;
						ProvisioningStyle = Automatic;
					};
				};
			};
			buildConfigurationList = CF4254E5206782B800127EA1 /* Build configuration list for PBXProject "FiveSixTwoChallenge" */;
			compatibilityVersion = "Xcode 8.0";
			developmentRegion = en;
			hasScannedForEncodings = 0;
			knownRegions = (
				en,
				Base,
			);
			mainGroup = CF4254E1206782B800127EA1;
			productRefGroup = CF4254EB206782B800127EA1 /* Products */;
			projectDirPath = "";
			projectRoot = "";
			targets = (
				CF4254E9206782B800127EA1 /* FiveSixTwoChallenge */,
			);
		};
/* End PBXProject section */

/* Begin PBXResourcesBuildPhase section */
		CF4254E8206782B800127EA1 /* Resources */ = {
			isa = PBXResourcesBuildPhase;
			buildActionMask = 2147483647;
			files = (
				CF4254FB206782B800127EA1 /* LaunchScreen.storyboard in Resources */,
				CF4254F8206782B800127EA1 /* Assets.xcassets in Resources */,
				CF4254F3206782B800127EA1 /* Main.storyboard in Resources */,
			);
			runOnlyForDeploymentPostprocessing = 0;
		};
/* End PBXResourcesBuildPhase section */

/* Begin PBXShellScriptBuildPhase section */
		0D2A0E7E533E8627BF956523 /* [CP] Check Pods Manifest.lock */ = {
			isa = PBXShellScriptBuildPhase;
			buildActionMask = 2147483647;
			files = (
			);
			inputPaths = (
				"${PODS_PODFILE_DIR_PATH}/Podfile.lock",
				"${PODS_ROOT}/Manifest.lock",
			);
			name = "[CP] Check Pods Manifest.lock";
			outputPaths = (
				"$(DERIVED_FILE_DIR)/Pods-FiveSixTwoChallenge-checkManifestLockResult.txt",
			);
			runOnlyForDeploymentPostprocessing = 0;
			shellPath = /bin/sh;
			shellScript = "diff \"${PODS_PODFILE_DIR_PATH}/Podfile.lock\" \"${PODS_ROOT}/Manifest.lock\" > /dev/null\nif [ $? != 0 ] ; then\n    # print error to STDERR\n    echo \"error: The sandbox is not in sync with the Podfile.lock. Run 'pod install' or update your CocoaPods installation.\" >&2\n    exit 1\nfi\n# This output is used by Xcode 'outputs' to avoid re-running this script phase.\necho \"SUCCESS\" > \"${SCRIPT_OUTPUT_FILE_0}\"\n";
			showEnvVarsInLog = 0;
		};
		1FCBFDE164904C6D4833032F /* [CP] Copy Pods Resources */ = {
			isa = PBXShellScriptBuildPhase;
			buildActionMask = 2147483647;
			files = (
			);
			inputPaths = (
			);
			name = "[CP] Copy Pods Resources";
			outputPaths = (
			);
			runOnlyForDeploymentPostprocessing = 0;
			shellPath = /bin/sh;
			shellScript = "\"${SRCROOT}/Pods/Target Support Files/Pods-FiveSixTwoChallenge/Pods-FiveSixTwoChallenge-resources.sh\"\n";
			showEnvVarsInLog = 0;
		};
		3CF3610F584168D06D5E51BB /* [CP] Embed Pods Frameworks */ = {
			isa = PBXShellScriptBuildPhase;
			buildActionMask = 2147483647;
			files = (
			);
			inputPaths = (
				"${SRCROOT}/Pods/Target Support Files/Pods-FiveSixTwoChallenge/Pods-FiveSixTwoChallenge-frameworks.sh",
				"${BUILT_PRODUCTS_DIR}/ProgressHUD/ProgressHUD.framework",
				"${BUILT_PRODUCTS_DIR}/SDWebImage/SDWebImage.framework",
			);
			name = "[CP] Embed Pods Frameworks";
			outputPaths = (
				"${TARGET_BUILD_DIR}/${FRAMEWORKS_FOLDER_PATH}/ProgressHUD.framework",
				"${TARGET_BUILD_DIR}/${FRAMEWORKS_FOLDER_PATH}/SDWebImage.framework",
			);
			runOnlyForDeploymentPostprocessing = 0;
			shellPath = /bin/sh;
			shellScript = "\"${SRCROOT}/Pods/Target Support Files/Pods-FiveSixTwoChallenge/Pods-FiveSixTwoChallenge-frameworks.sh\"\n";
			showEnvVarsInLog = 0;
		};
/* End PBXShellScriptBuildPhase section */

/* Begin PBXSourcesBuildPhase section */
		CF4254E6206782B800127EA1 /* Sources */ = {
			isa = PBXSourcesBuildPhase;
			buildActionMask = 2147483647;
			files = (
				CF42550920678CB700127EA1 /* MainViewController.swift in Sources */,
				CF4255052067898E00127EA1 /* ViewModel.swift in Sources */,
				CF4254F6206782B800127EA1 /* FiveSixTwoChallenge.xcdatamodeld in Sources */,
				CF4254F0206782B800127EA1 /* ViewController.swift in Sources */,
				CF42550D206793D300127EA1 /* CardCollectionViewCell.swift in Sources */,
				CF4254EE206782B800127EA1 /* AppDelegate.swift in Sources */,
				CF4255032067836C00127EA1 /* APIClient.swift in Sources */,
				CF9158B42068794E006C3FF3 /* PlayerHandViewController.swift in Sources */,
				CF4255192067A41300127EA1 /* DetailViewController.swift in Sources */,
				CF9158B120687908006C3FF3 /* PlayerHandTableViewCell.swift in Sources */,
			);
			runOnlyForDeploymentPostprocessing = 0;
		};
/* End PBXSourcesBuildPhase section */

/* Begin PBXVariantGroup section */
		CF4254F1206782B800127EA1 /* Main.storyboard */ = {
			isa = PBXVariantGroup;
			children = (
				CF4254F2206782B800127EA1 /* Base */,
			);
			name = Main.storyboard;
			sourceTree = "<group>";
		};
		CF4254F9206782B800127EA1 /* LaunchScreen.storyboard */ = {
			isa = PBXVariantGroup;
			children = (
				CF4254FA206782B800127EA1 /* Base */,
			);
			name = LaunchScreen.storyboard;
			sourceTree = "<group>";
		};
/* End PBXVariantGroup section */

/* Begin XCBuildConfiguration section */
		CF4254FD206782B800127EA1 /* Debug */ = {
			isa = XCBuildConfiguration;
			buildSettings = {
				ALWAYS_SEARCH_USER_PATHS = NO;
				CLANG_ANALYZER_NONNULL = YES;
				CLANG_ANALYZER_NUMBER_OBJECT_CONVERSION = YES_AGGRESSIVE;
				CLANG_CXX_LANGUAGE_STANDARD = "gnu++14";
				CLANG_CXX_LIBRARY = "libc++";
				CLANG_ENABLE_MODULES = YES;
				CLANG_ENABLE_OBJC_ARC = YES;
				CLANG_WARN_BLOCK_CAPTURE_AUTORELEASING = YES;
				CLANG_WARN_BOOL_CONVERSION = YES;
				CLANG_WARN_COMMA = YES;
				CLANG_WARN_CONSTANT_CONVERSION = YES;
				CLANG_WARN_DIRECT_OBJC_ISA_USAGE = YES_ERROR;
				CLANG_WARN_DOCUMENTATION_COMMENTS = YES;
				CLANG_WARN_EMPTY_BODY = YES;
				CLANG_WARN_ENUM_CONVERSION = YES;
				CLANG_WARN_INFINITE_RECURSION = YES;
				CLANG_WARN_INT_CONVERSION = YES;
				CLANG_WARN_NON_LITERAL_NULL_CONVERSION = YES;
				CLANG_WARN_OBJC_LITERAL_CONVERSION = YES;
				CLANG_WARN_OBJC_ROOT_CLASS = YES_ERROR;
				CLANG_WARN_RANGE_LOOP_ANALYSIS = YES;
				CLANG_WARN_STRICT_PROTOTYPES = YES;
				CLANG_WARN_SUSPICIOUS_MOVE = YES;
				CLANG_WARN_UNGUARDED_AVAILABILITY = YES_AGGRESSIVE;
				CLANG_WARN_UNREACHABLE_CODE = YES;
				CLANG_WARN__DUPLICATE_METHOD_MATCH = YES;
				CODE_SIGN_IDENTITY = "iPhone Developer";
				COPY_PHASE_STRIP = NO;
				DEBUG_INFORMATION_FORMAT = dwarf;
				ENABLE_STRICT_OBJC_MSGSEND = YES;
				ENABLE_TESTABILITY = YES;
				GCC_C_LANGUAGE_STANDARD = gnu11;
				GCC_DYNAMIC_NO_PIC = NO;
				GCC_NO_COMMON_BLOCKS = YES;
				GCC_OPTIMIZATION_LEVEL = 0;
				GCC_PREPROCESSOR_DEFINITIONS = (
					"DEBUG=1",
					"$(inherited)",
				);
				GCC_WARN_64_TO_32_BIT_CONVERSION = YES;
				GCC_WARN_ABOUT_RETURN_TYPE = YES_ERROR;
				GCC_WARN_UNDECLARED_SELECTOR = YES;
				GCC_WARN_UNINITIALIZED_AUTOS = YES_AGGRESSIVE;
				GCC_WARN_UNUSED_FUNCTION = YES;
				GCC_WARN_UNUSED_VARIABLE = YES;
				IPHONEOS_DEPLOYMENT_TARGET = 11.2;
				MTL_ENABLE_DEBUG_INFO = YES;
				ONLY_ACTIVE_ARCH = YES;
				SDKROOT = iphoneos;
				SWIFT_ACTIVE_COMPILATION_CONDITIONS = DEBUG;
				SWIFT_OPTIMIZATION_LEVEL = "-Onone";
			};
			name = Debug;
		};
		CF4254FE206782B800127EA1 /* Release */ = {
			isa = XCBuildConfiguration;
			buildSettings = {
				ALWAYS_SEARCH_USER_PATHS = NO;
				CLANG_ANALYZER_NONNULL = YES;
				CLANG_ANALYZER_NUMBER_OBJECT_CONVERSION = YES_AGGRESSIVE;
				CLANG_CXX_LANGUAGE_STANDARD = "gnu++14";
				CLANG_CXX_LIBRARY = "libc++";
				CLANG_ENABLE_MODULES = YES;
				CLANG_ENABLE_OBJC_ARC = YES;
				CLANG_WARN_BLOCK_CAPTURE_AUTORELEASING = YES;
				CLANG_WARN_BOOL_CONVERSION = YES;
				CLANG_WARN_COMMA = YES;
				CLANG_WARN_CONSTANT_CONVERSION = YES;
				CLANG_WARN_DIRECT_OBJC_ISA_USAGE = YES_ERROR;
				CLANG_WARN_DOCUMENTATION_COMMENTS = YES;
				CLANG_WARN_EMPTY_BODY = YES;
				CLANG_WARN_ENUM_CONVERSION = YES;
				CLANG_WARN_INFINITE_RECURSION = YES;
				CLANG_WARN_INT_CONVERSION = YES;
				CLANG_WARN_NON_LITERAL_NULL_CONVERSION = YES;
				CLANG_WARN_OBJC_LITERAL_CONVERSION = YES;
				CLANG_WARN_OBJC_ROOT_CLASS = YES_ERROR;
				CLANG_WARN_RANGE_LOOP_ANALYSIS = YES;
				CLANG_WARN_STRICT_PROTOTYPES = YES;
				CLANG_WARN_SUSPICIOUS_MOVE = YES;
				CLANG_WARN_UNGUARDED_AVAILABILITY = YES_AGGRESSIVE;
				CLANG_WARN_UNREACHABLE_CODE = YES;
				CLANG_WARN__DUPLICATE_METHOD_MATCH = YES;
				CODE_SIGN_IDENTITY = "iPhone Developer";
				COPY_PHASE_STRIP = NO;
				DEBUG_INFORMATION_FORMAT = "dwarf-with-dsym";
				ENABLE_NS_ASSERTIONS = NO;
				ENABLE_STRICT_OBJC_MSGSEND = YES;
				GCC_C_LANGUAGE_STANDARD = gnu11;
				GCC_NO_COMMON_BLOCKS = YES;
				GCC_WARN_64_TO_32_BIT_CONVERSION = YES;
				GCC_WARN_ABOUT_RETURN_TYPE = YES_ERROR;
				GCC_WARN_UNDECLARED_SELECTOR = YES;
				GCC_WARN_UNINITIALIZED_AUTOS = YES_AGGRESSIVE;
				GCC_WARN_UNUSED_FUNCTION = YES;
				GCC_WARN_UNUSED_VARIABLE = YES;
				IPHONEOS_DEPLOYMENT_TARGET = 11.2;
				MTL_ENABLE_DEBUG_INFO = NO;
				SDKROOT = iphoneos;
				SWIFT_OPTIMIZATION_LEVEL = "-Owholemodule";
				VALIDATE_PRODUCT = YES;
			};
			name = Release;
		};
		CF425500206782B800127EA1 /* Debug */ = {
			isa = XCBuildConfiguration;
			baseConfigurationReference = D9AF9DD1FA99178A5824A5CC /* Pods-FiveSixTwoChallenge.debug.xcconfig */;
			buildSettings = {
				ASSETCATALOG_COMPILER_APPICON_NAME = AppIcon;
				CLANG_ENABLE_MODULES = YES;
				CODE_SIGN_STYLE = Automatic;
				DEVELOPMENT_TEAM = 8RR9QQNAUZ;
				INFOPLIST_FILE = FiveSixTwoChallenge/Info.plist;
				LD_RUNPATH_SEARCH_PATHS = "$(inherited) @executable_path/Frameworks";
				PRODUCT_BUNDLE_IDENTIFIER = com.amiracledev.FiveSixTwoChallenge;
				PRODUCT_NAME = "$(TARGET_NAME)";
				SWIFT_OBJC_BRIDGING_HEADER = "FiveSixTwoChallenge/FiveSixTwoChallenge-Bridging-Header.h";
				SWIFT_OPTIMIZATION_LEVEL = "-Onone";
				SWIFT_VERSION = 4.0;
				TARGETED_DEVICE_FAMILY = "1,2";
			};
			name = Debug;
		};
		CF425501206782B800127EA1 /* Release */ = {
			isa = XCBuildConfiguration;
			baseConfigurationReference = 31B4054E87A2D4F040FEBE79 /* Pods-FiveSixTwoChallenge.release.xcconfig */;
			buildSettings = {
				ASSETCATALOG_COMPILER_APPICON_NAME = AppIcon;
				CLANG_ENABLE_MODULES = YES;
				CODE_SIGN_STYLE = Automatic;
				DEVELOPMENT_TEAM = 8RR9QQNAUZ;
				INFOPLIST_FILE = FiveSixTwoChallenge/Info.plist;
				LD_RUNPATH_SEARCH_PATHS = "$(inherited) @executable_path/Frameworks";
				PRODUCT_BUNDLE_IDENTIFIER = com.amiracledev.FiveSixTwoChallenge;
				PRODUCT_NAME = "$(TARGET_NAME)";
				SWIFT_OBJC_BRIDGING_HEADER = "FiveSixTwoChallenge/FiveSixTwoChallenge-Bridging-Header.h";
				SWIFT_VERSION = 4.0;
				TARGETED_DEVICE_FAMILY = "1,2";
			};
			name = Release;
		};
/* End XCBuildConfiguration section */

/* Begin XCConfigurationList section */
		CF4254E5206782B800127EA1 /* Build configuration list for PBXProject "FiveSixTwoChallenge" */ = {
			isa = XCConfigurationList;
			buildConfigurations = (
				CF4254FD206782B800127EA1 /* Debug */,
				CF4254FE206782B800127EA1 /* Release */,
			);
			defaultConfigurationIsVisible = 0;
			defaultConfigurationName = Release;
		};
		CF4254FF206782B800127EA1 /* Build configuration list for PBXNativeTarget "FiveSixTwoChallenge" */ = {
			isa = XCConfigurationList;
			buildConfigurations = (
				CF425500206782B800127EA1 /* Debug */,
				CF425501206782B800127EA1 /* Release */,
			);
			defaultConfigurationIsVisible = 0;
			defaultConfigurationName = Release;
		};
/* End XCConfigurationList section */

/* Begin XCVersionGroup section */
		CF4254F4206782B800127EA1 /* FiveSixTwoChallenge.xcdatamodeld */ = {
			isa = XCVersionGroup;
			children = (
				CF4254F5206782B800127EA1 /* FiveSixTwoChallenge.xcdatamodel */,
			);
			currentVersion = CF4254F5206782B800127EA1 /* FiveSixTwoChallenge.xcdatamodel */;
			path = FiveSixTwoChallenge.xcdatamodeld;
			sourceTree = "<group>";
			versionGroupType = wrapper.xcdatamodel;
		};
/* End XCVersionGroup section */
	};
	rootObject = CF4254E2206782B800127EA1 /* Project object */;
}
